version = 1
revision = 3
requires-python = ">=3.13"

[[package]]
name = "markdown"
version = "3.9"
source = { registry = "https://pypi.org/simple" }
sdist = { url = "https://files.pythonhosted.org/packages/8d/37/02347f6d6d8279247a5837082ebc26fc0d5aaeaf75aa013fcbb433c777ab/markdown-3.9.tar.gz", hash = "sha256:d2900fe1782bd33bdbbd56859defef70c2e78fc46668f8eb9df3128138f2cb6a", size = 364585, upload-time = "2025-09-04T20:25:22.885Z" }
wheels = [
    { url = "https://files.pythonhosted.org/packages/70/ae/44c4a6a4cbb496d93c6257954260fe3a6e91b7bed2240e5dad2a717f5111/markdown-3.9-py3-none-any.whl", hash = "sha256:9f4d91ed810864ea88a6f32c07ba8bee1346c0cc1f6b1f9f6c822f2a9667d280", size = 107441, upload-time = "2025-09-04T20:25:21.784Z" },
]

[[package]]
name = "mdx-wikilink-plus"
version = "1.4.1"
source = { registry = "https://pypi.org/simple" }
dependencies = [
    { name = "markdown" },
]
sdist = { url = "https://files.pythonhosted.org/packages/93/ec/b0967db0ec70bfe249359804319a9854491e20bfc06ed4a5e2470095e76a/mdx_wikilink_plus-1.4.1.tar.gz", hash = "sha256:b82446c00a49a57a5ccab48e6053168397f6ed818d2183a8a0f7472aa0e8e3ca", size = 9896, upload-time = "2022-07-26T06:02:36.608Z" }
wheels = [
    { url = "https://files.pythonhosted.org/packages/bb/9c/47120c866c56c6f0357428e07c057b2ad277a89f5e698d5110fd37688333/mdx_wikilink_plus-1.4.1-py3-none-any.whl", hash = "sha256:bf1a06cdf4e60484c64afb4d2069a07ca70263ebf56387a1da397d1ca182ab70", size = 8920, upload-time = "2022-07-26T06:02:33.801Z" },
]

[[package]]
name = "overgrazed"
version = "0.1.0"
source = { virtual = "." }
dependencies = [
    { name = "markdown" },
    { name = "mdx-wikilink-plus" },
]

[package.metadata]
requires-dist = [
    { name = "markdown", specifier = ">=3.9" },
    { name = "mdx-wikilink-plus", specifier = ">=1.4.1" },
]
